Microsoft Visual Studio Solution File, Format Version 12.00
# Visual Studio 2012
Project("{FAE04EC0-301F-11D3-BF4B-00C04F79EFBC}") = "GameCastle", "GameCastle.csproj", "{8459A8CA-6CCE-43D7-BBBD-86D8A81A98D5}"
EndProject
Global
	GlobalSection(SolutionConfigurationPlatforms) = preSolution
	Debug|Any CPU = Debug|Any CPU
	ExportDebug|Any CPU = ExportDebug|Any CPU
	ExportRelease|Any CPU = ExportRelease|Any CPU
	EndGlobalSection
	GlobalSection(ProjectConfigurationPlatforms) = postSolution
		{8459A8CA-6CCE-43D7-BBBD-86D8A81A98D5}.Debug|Any CPU.ActiveCfg = Debug|Any CPU
		{8459A8CA-6CCE-43D7-BBBD-86D8A81A98D5}.Debug|Any CPU.Build.0 = Debug|Any CPU
		{8459A8CA-6CCE-43D7-BBBD-86D8A81A98D5}.ExportDebug|Any CPU.ActiveCfg = ExportDebug|Any CPU
		{8459A8CA-6CCE-43D7-BBBD-86D8A81A98D5}.ExportDebug|Any CPU.Build.0 = ExportDebug|Any CPU
		{8459A8CA-6CCE-43D7-BBBD-86D8A81A98D5}.ExportRelease|Any CPU.ActiveCfg = ExportRelease|Any CPU
		{8459A8CA-6CCE-43D7-BBBD-86D8A81A98D5}.ExportRelease|Any CPU.Build.0 = ExportRelease|Any CPU
	EndGlobalSection
EndGlobal
